
Microsoft Visual Studio Solution File, Format Version 12.00
# Visual Studio 15
VisualStudioVersion = 15.0.26430.6
MinimumVisualStudioVersion = 10.0.40219.1
Project("{9A19103F-16F7-4668-BE54-9A1E7A4F7556}") = "PermissionManager.Web", "PermissionManager.Web\PermissionManager.Web.csproj", "{03C7FF6C-6AA2-4121-A47C-3E1C901B9838}"
EndProject
Project("{9A19103F-16F7-4668-BE54-9A1E7A4F7556}") = "PermissionManager.Repository", "PermissionManager.Repository\PermissionManager.Repository.csproj", "{190F335E-D213-4C48-B128-A444038EBF80}"
EndProject
Global
	GlobalSection(SolutionConfigurationPlatforms) = preSolution
		Debug|Any CPU = Debug|Any CPU
		Release|Any CPU = Release|Any CPU
	EndGlobalSection
	GlobalSection(ProjectConfigurationPlatforms) = postSolution
		{03C7FF6C-6AA2-4121-A47C-3E1C901B9838}.Debug|Any CPU.ActiveCfg = Debug|Any CPU
		{03C7FF6C-6AA2-4121-A47C-3E1C901B9838}.Debug|Any CPU.Build.0 = Debug|Any CPU
		{03C7FF6C-6AA2-4121-A47C-3E1C901B9838}.Release|Any CPU.ActiveCfg = Release|Any CPU
		{03C7FF6C-6AA2-4121-A47C-3E1C901B9838}.Release|Any CPU.Build.0 = Release|Any CPU
		{190F335E-D213-4C48-B128-A444038EBF80}.Debug|Any CPU.ActiveCfg = Debug|Any CPU
		{190F335E-D213-4C48-B128-A444038EBF80}.Debug|Any CPU.Build.0 = Debug|Any CPU
		{190F335E-D213-4C48-B128-A444038EBF80}.Release|Any CPU.ActiveCfg = Release|Any CPU
		{190F335E-D213-4C48-B128-A444038EBF80}.Release|Any CPU.Build.0 = Release|Any CPU
	EndGlobalSection
	GlobalSection(SolutionProperties) = preSolution
		HideSolutionNode = FALSE
	EndGlobalSection
EndGlobal
